// !$*UTF8*$!
{
	archiveVersion = 1;
	classes = {
	};
	objectVersion = 56;
	objects = {

/* Begin PBXBuildFile section */
		23074DB328E0592200972810 /* Headshot.swift in Sources */ = {isa = PBXBuildFile; fileRef = 23074DB228E0592200972810 /* Headshot.swift */; };
		23074DB528E0598900972810 /* UserInfo.swift in Sources */ = {isa = PBXBuildFile; fileRef = 23074DB428E0598900972810 /* UserInfo.swift */; };
		23074DB728E059D200972810 /* Logo.swift in Sources */ = {isa = PBXBuildFile; fileRef = 23074DB628E059D200972810 /* Logo.swift */; };
		23074DB928E05A1500972810 /* Title.swift in Sources */ = {isa = PBXBuildFile; fileRef = 23074DB828E05A1500972810 /* Title.swift */; };
		23074DBB28E05AB500972810 /* Background.swift in Sources */ = {isa = PBXBuildFile; fileRef = 23074DBA28E05AB500972810 /* Background.swift */; };
		23074DBE28E05F8E00972810 /* Localizable.strings in Resources */ = {isa = PBXBuildFile; fileRef = 23074DC028E05F8E00972810 /* Localizable.strings */; };
		23074DCD28E08B4800972810 /* InfoPlist.strings in Resources */ = {isa = PBXBuildFile; fileRef = 23074DCF28E08B4800972810 /* InfoPlist.strings */; };
		23074DDB28E08DF400972810 /* Media.xcassets in Resources */ = {isa = PBXBuildFile; fileRef = 23074DDA28E08DF400972810 /* Media.xcassets */; };
		2359456E28E0ACCB00D31FF4 /* ScrollList.swift in Sources */ = {isa = PBXBuildFile; fileRef = 2359456D28E0ACCB00D31FF4 /* ScrollList.swift */; };
		2359457028E0B77900D31FF4 /* NavigationHeader.swift in Sources */ = {isa = PBXBuildFile; fileRef = 2359456F28E0B77900D31FF4 /* NavigationHeader.swift */; };
		2359457228E0B94D00D31FF4 /* SubTitle.swift in Sources */ = {isa = PBXBuildFile; fileRef = 2359457128E0B94D00D31FF4 /* SubTitle.swift */; };
		23B5BE5128DFB2D700E9C68A /* ModalApp.swift in Sources */ = {isa = PBXBuildFile; fileRef = 23B5BE5028DFB2D700E9C68A /* ModalApp.swift */; };
		23B5BE5328DFB2D700E9C68A /* ContentView.swift in Sources */ = {isa = PBXBuildFile; fileRef = 23B5BE5228DFB2D700E9C68A /* ContentView.swift */; };
		23B5BE5528DFB2D800E9C68A /* Assets.xcassets in Resources */ = {isa = PBXBuildFile; fileRef = 23B5BE5428DFB2D800E9C68A /* Assets.xcassets */; };
		23B5BE5828DFB2D800E9C68A /* Preview Assets.xcassets in Resources */ = {isa = PBXBuildFile; fileRef = 23B5BE5728DFB2D800E9C68A /* Preview Assets.xcassets */; };
		23B5BE5F28DFB39B00E9C68A /* OverlayModal.swift in Sources */ = {isa = PBXBuildFile; fileRef = 23B5BE5E28DFB39B00E9C68A /* OverlayModal.swift */; };
		23B5BE6128DFB3C600E9C68A /* Checkbox.swift in Sources */ = {isa = PBXBuildFile; fileRef = 23B5BE6028DFB3C600E9C68A /* Checkbox.swift */; };
		23B5BE6328DFB3DC00E9C68A /* Card.swift in Sources */ = {isa = PBXBuildFile; fileRef = 23B5BE6228DFB3DC00E9C68A /* Card.swift */; };
		23B5BE6528DFB3F200E9C68A /* ButtonSecondary.swift in Sources */ = {isa = PBXBuildFile; fileRef = 23B5BE6428DFB3F200E9C68A /* ButtonSecondary.swift */; };
		23B5BE6A28DFB86500E9C68A /* ButtonPrimary.swift in Sources */ = {isa = PBXBuildFile; fileRef = 23B5BE6928DFB86500E9C68A /* ButtonPrimary.swift */; };
		23B5BE6D28DFC0CD00E9C68A /* UserModel.swift in Sources */ = {isa = PBXBuildFile; fileRef = 23B5BE6C28DFC0CD00E9C68A /* UserModel.swift */; };
		23B5BE6F28DFC19E00E9C68A /* users.json in Resources */ = {isa = PBXBuildFile; fileRef = 23B5BE6E28DFC19E00E9C68A /* users.json */; };
		23B5BE7128DFC9E600E9C68A /* Colors.xcassets in Resources */ = {isa = PBXBuildFile; fileRef = 23B5BE7028DFC9E600E9C68A /* Colors.xcassets */; };
/* End PBXBuildFile section */

/* Begin PBXFileReference section */
		23074DB228E0592200972810 /* Headshot.swift */ = {isa = PBXFileReference; lastKnownFileType = sourcecode.swift; path = Headshot.swift; sourceTree = "<group>"; };
		23074DB428E0598900972810 /* UserInfo.swift */ = {isa = PBXFileReference; lastKnownFileType = sourcecode.swift; path = UserInfo.swift; sourceTree = "<group>"; };
		23074DB628E059D200972810 /* Logo.swift */ = {isa = PBXFileReference; lastKnownFileType = sourcecode.swift; path = Logo.swift; sourceTree = "<group>"; };
		23074DB828E05A1500972810 /* Title.swift */ = {isa = PBXFileReference; lastKnownFileType = sourcecode.swift; path = Title.swift; sourceTree = "<group>"; };
		23074DBA28E05AB500972810 /* Background.swift */ = {isa = PBXFileReference; lastKnownFileType = sourcecode.swift; path = Background.swift; sourceTree = "<group>"; };
		23074DBF28E05F8E00972810 /* en */ = {isa = PBXFileReference; fileEncoding = 4; lastKnownFileType = text.plist.strings; lineEnding = 0; name = en; path = en.lproj/Localizable.strings; sourceTree = "<group>"; };
		23074DC228E07E1500972810 /* pt */ = {isa = PBXFileReference; fileEncoding = 4; lastKnownFileType = text.plist.strings; lineEnding = 0; name = pt; path = pt.lproj/Localizable.strings; sourceTree = "<group>"; };
		23074DC328E07F6B00972810 /* es */ = {isa = PBXFileReference; fileEncoding = 4; lastKnownFileType = text.plist.strings; lineEnding = 0; name = es; path = es.lproj/Localizable.strings; sourceTree = "<group>"; };
		23074DC428E0810F00972810 /* fr */ = {isa = PBXFileReference; fileEncoding = 4; lastKnownFileType = text.plist.strings; lineEnding = 0; name = fr; path = fr.lproj/Localizable.strings; sourceTree = "<group>"; };
		23074DC528E0826F00972810 /* pl */ = {isa = PBXFileReference; fileEncoding = 4; lastKnownFileType = text.plist.strings; lineEnding = 0; name = pl; path = pl.lproj/Localizable.strings; sourceTree = "<group>"; };
		23074DC728E084E000972810 /* sr */ = {isa = PBXFileReference; fileEncoding = 4; lastKnownFileType = text.plist.strings; lineEnding = 0; name = sr; path = sr.lproj/Localizable.strings; sourceTree = "<group>"; };
		23074DC828E0868300972810 /* tr */ = {isa = PBXFileReference; fileEncoding = 4; lastKnownFileType = text.plist.strings; lineEnding = 0; name = tr; path = tr.lproj/Localizable.strings; sourceTree = "<group>"; };
		23074DC928E087CB00972810 /* ru */ = {isa = PBXFileReference; fileEncoding = 4; lastKnownFileType = text.plist.strings; lineEnding = 0; name = ru; path = ru.lproj/Localizable.strings; sourceTree = "<group>"; };
		23074DCA28E087CC00972810 /* ro */ = {isa = PBXFileReference; lastKnownFileType = text.plist.strings; name = ro; path = ro.lproj/Localizable.strings; sourceTree = "<group>"; };
		23074DCE28E08B4800972810 /* en */ = {isa = PBXFileReference; fileEncoding = 4; lastKnownFileType = text.plist.strings; lineEnding = 0; name = en; path = en.lproj/InfoPlist.strings; sourceTree = "<group>"; };
		23074DD028E08B5700972810 /* fr */ = {isa = PBXFileReference; lastKnownFileType = text.plist.strings; name = fr; path = fr.lproj/InfoPlist.strings; sourceTree = "<group>"; };
		23074DD128E08B5700972810 /* pl */ = {isa = PBXFileReference; lastKnownFileType = text.plist.strings; name = pl; path = pl.lproj/InfoPlist.strings; sourceTree = "<group>"; };
		23074DD228E08B5800972810 /* pt */ = {isa = PBXFileReference; lastKnownFileType = text.plist.strings; name = pt; path = pt.lproj/InfoPlist.strings; sourceTree = "<group>"; };
		23074DD328E08B5900972810 /* ro */ = {isa = PBXFileReference; lastKnownFileType = text.plist.strings; name = ro; path = ro.lproj/InfoPlist.strings; sourceTree = "<group>"; };
		23074DD428E08B5A00972810 /* ru */ = {isa = PBXFileReference; lastKnownFileType = text.plist.strings; name = ru; path = ru.lproj/InfoPlist.strings; sourceTree = "<group>"; };
		23074DD528E08B5B00972810 /* sr */ = {isa = PBXFileReference; lastKnownFileType = text.plist.strings; name = sr; path = sr.lproj/InfoPlist.strings; sourceTree = "<group>"; };
		23074DD628E08B5B00972810 /* es */ = {isa = PBXFileReference; lastKnownFileType = text.plist.strings; name = es; path = es.lproj/InfoPlist.strings; sourceTree = "<group>"; };
		23074DD728E08B5C00972810 /* tr */ = {isa = PBXFileReference; lastKnownFileType = text.plist.strings; name = tr; path = tr.lproj/InfoPlist.strings; sourceTree = "<group>"; };
		23074DDA28E08DF400972810 /* Media.xcassets */ = {isa = PBXFileReference; lastKnownFileType = folder.assetcatalog; path = Media.xcassets; sourceTree = "<group>"; };
		2359456D28E0ACCB00D31FF4 /* ScrollList.swift */ = {isa = PBXFileReference; lastKnownFileType = sourcecode.swift; path = ScrollList.swift; sourceTree = "<group>"; };
		2359456F28E0B77900D31FF4 /* NavigationHeader.swift */ = {isa = PBXFileReference; lastKnownFileType = sourcecode.swift; path = NavigationHeader.swift; sourceTree = "<group>"; };
		2359457128E0B94D00D31FF4 /* SubTitle.swift */ = {isa = PBXFileReference; lastKnownFileType = sourcecode.swift; path = SubTitle.swift; sourceTree = "<group>"; };
		23B5BE4D28DFB2D700E9C68A /* Modal.app */ = {isa = PBXFileReference; explicitFileType = wrapper.application; includeInIndex = 0; path = Modal.app; sourceTree = BUILT_PRODUCTS_DIR; };
		23B5BE5028DFB2D700E9C68A /* ModalApp.swift */ = {isa = PBXFileReference; lastKnownFileType = sourcecode.swift; path = ModalApp.swift; sourceTree = "<group>"; };
		23B5BE5228DFB2D700E9C68A /* ContentView.swift */ = {isa = PBXFileReference; lastKnownFileType = sourcecode.swift; path = ContentView.swift; sourceTree = "<group>"; };
		23B5BE5428DFB2D800E9C68A /* Assets.xcassets */ = {isa = PBXFileReference; lastKnownFileType = folder.assetcatalog; path = Assets.xcassets; sourceTree = "<group>"; };
		23B5BE5728DFB2D800E9C68A /* Preview Assets.xcassets */ = {isa = PBXFileReference; lastKnownFileType = folder.assetcatalog; path = "Preview Assets.xcassets"; sourceTree = "<group>"; };
		23B5BE5E28DFB39B00E9C68A /* OverlayModal.swift */ = {isa = PBXFileReference; lastKnownFileType = sourcecode.swift; path = OverlayModal.swift; sourceTree = "<group>"; };
		23B5BE6028DFB3C600E9C68A /* Checkbox.swift */ = {isa = PBXFileReference; lastKnownFileType = sourcecode.swift; path = Checkbox.swift; sourceTree = "<group>"; };
		23B5BE6228DFB3DC00E9C68A /* Card.swift */ = {isa = PBXFileReference; lastKnownFileType = sourcecode.swift; path = Card.swift; sourceTree = "<group>"; };
		23B5BE6428DFB3F200E9C68A /* ButtonSecondary.swift */ = {isa = PBXFileReference; lastKnownFileType = sourcecode.swift; path = ButtonSecondary.swift; sourceTree = "<group>"; };
		23B5BE6928DFB86500E9C68A /* ButtonPrimary.swift */ = {isa = PBXFileReference; lastKnownFileType = sourcecode.swift; path = ButtonPrimary.swift; sourceTree = "<group>"; };
		23B5BE6C28DFC0CD00E9C68A /* UserModel.swift */ = {isa = PBXFileReference; lastKnownFileType = sourcecode.swift; path = UserModel.swift; sourceTree = "<group>"; };
		23B5BE6E28DFC19E00E9C68A /* users.json */ = {isa = PBXFileReference; lastKnownFileType = text.json; path = users.json; sourceTree = "<group>"; };
		23B5BE7028DFC9E600E9C68A /* Colors.xcassets */ = {isa = PBXFileReference; lastKnownFileType = folder.assetcatalog; path = Colors.xcassets; sourceTree = "<group>"; };
/* End PBXFileReference section */

/* Begin PBXFrameworksBuildPhase section */
		23B5BE4A28DFB2D700E9C68A /* Frameworks */ = {
			isa = PBXFrameworksBuildPhase;
			buildActionMask = 2147483647;
			files = (
			);
			runOnlyForDeploymentPostprocessing = 0;
		};
/* End PBXFrameworksBuildPhase section */

/* Begin PBXGroup section */
		23B5BE4428DFB2D700E9C68A = {
			isa = PBXGroup;
			children = (
				23B5BE4F28DFB2D700E9C68A /* Modal */,
				23B5BE4E28DFB2D700E9C68A /* Products */,
			);
			sourceTree = "<group>";
		};
		23B5BE4E28DFB2D700E9C68A /* Products */ = {
			isa = PBXGroup;
			children = (
				23B5BE4D28DFB2D700E9C68A /* Modal.app */,
			);
			name = Products;
			sourceTree = "<group>";
		};
		23B5BE4F28DFB2D700E9C68A /* Modal */ = {
			isa = PBXGroup;
			children = (
				23E760F028DFCE0B00FB137E /* Resources */,
				23B5BE6B28DFC0A900E9C68A /* Data */,
				23B5BE6828DFB64900E9C68A /* Modal */,
				23B5BE6628DFB62700E9C68A /* Components */,
				23B5BE5028DFB2D700E9C68A /* ModalApp.swift */,
				23B5BE5228DFB2D700E9C68A /* ContentView.swift */,
				23B5BE5628DFB2D800E9C68A /* Preview Content */,
			);
			path = Modal;
			sourceTree = "<group>";
		};
		23B5BE5628DFB2D800E9C68A /* Preview Content */ = {
			isa = PBXGroup;
			children = (
				23B5BE5728DFB2D800E9C68A /* Preview Assets.xcassets */,
			);
			path = "Preview Content";
			sourceTree = "<group>";
		};
		23B5BE6628DFB62700E9C68A /* Components */ = {
			isa = PBXGroup;
			children = (
				23B5BE6428DFB3F200E9C68A /* ButtonSecondary.swift */,
				23B5BE6228DFB3DC00E9C68A /* Card.swift */,
				23B5BE6028DFB3C600E9C68A /* Checkbox.swift */,
				23B5BE6928DFB86500E9C68A /* ButtonPrimary.swift */,
				23074DB228E0592200972810 /* Headshot.swift */,
				23074DB428E0598900972810 /* UserInfo.swift */,
				23074DB628E059D200972810 /* Logo.swift */,
				23074DB828E05A1500972810 /* Title.swift */,
				23074DBA28E05AB500972810 /* Background.swift */,
				2359456D28E0ACCB00D31FF4 /* ScrollList.swift */,
				2359456F28E0B77900D31FF4 /* NavigationHeader.swift */,
				2359457128E0B94D00D31FF4 /* SubTitle.swift */,
			);
			path = Components;
			sourceTree = "<group>";
		};
		23B5BE6828DFB64900E9C68A /* Modal */ = {
			isa = PBXGroup;
			children = (
				23B5BE5E28DFB39B00E9C68A /* OverlayModal.swift */,
			);
			path = Modal;
			sourceTree = "<group>";
		};
		23B5BE6B28DFC0A900E9C68A /* Data */ = {
			isa = PBXGroup;
			children = (
				23B5BE6C28DFC0CD00E9C68A /* UserModel.swift */,
			);
			path = Data;
			sourceTree = "<group>";
		};
		23E760F028DFCE0B00FB137E /* Resources */ = {
			isa = PBXGroup;
			children = (
				23B5BE6E28DFC19E00E9C68A /* users.json */,
				23B5BE5428DFB2D800E9C68A /* Assets.xcassets */,
				23B5BE7028DFC9E600E9C68A /* Colors.xcassets */,
				23074DC028E05F8E00972810 /* Localizable.strings */,
				23074DCF28E08B4800972810 /* InfoPlist.strings */,
				23074DDA28E08DF400972810 /* Media.xcassets */,
			);
			path = Resources;
			sourceTree = "<group>";
		};
/* End PBXGroup section */

/* Begin PBXNativeTarget section */
		23B5BE4C28DFB2D700E9C68A /* Modal */ = {
			isa = PBXNativeTarget;
			buildConfigurationList = 23B5BE5B28DFB2D800E9C68A /* Build configuration list for PBXNativeTarget "Modal" */;
			buildPhases = (
				23B5BE4928DFB2D700E9C68A /* Sources */,
				23B5BE4A28DFB2D700E9C68A /* Frameworks */,
				23B5BE4B28DFB2D700E9C68A /* Resources */,
			);
			buildRules = (
			);
			dependencies = (
			);
			name = Modal;
			productName = Modal;
			productReference = 23B5BE4D28DFB2D700E9C68A /* Modal.app */;
			productType = "com.apple.product-type.application";
		};
/* End PBXNativeTarget section */

/* Begin PBXProject section */
		23B5BE4528DFB2D700E9C68A /* Project object */ = {
			isa = PBXProject;
			attributes = {
				BuildIndependentTargetsInParallel = 1;
				LastSwiftUpdateCheck = 1400;
				LastUpgradeCheck = 1400;
				TargetAttributes = {
					23B5BE4C28DFB2D700E9C68A = {
						CreatedOnToolsVersion = 14.0;
					};
				};
			};
			buildConfigurationList = 23B5BE4828DFB2D700E9C68A /* Build configuration list for PBXProject "Modal" */;
			compatibilityVersion = "Xcode 14.0";
			developmentRegion = en;
			hasScannedForEncodings = 0;
			knownRegions = (
				en,
				Base,
				fr,
				es,
				pl,
				tr,
				ro,
				ru,
				pt,
				sr,
			);
			mainGroup = 23B5BE4428DFB2D700E9C68A;
			productRefGroup = 23B5BE4E28DFB2D700E9C68A /* Products */;
			projectDirPath = "";
			projectRoot = "";
			targets = (
				23B5BE4C28DFB2D700E9C68A /* Modal */,
			);
		};
/* End PBXProject section */

/* Begin PBXResourcesBuildPhase section */
		23B5BE4B28DFB2D700E9C68A /* Resources */ = {
			isa = PBXResourcesBuildPhase;
			buildActionMask = 2147483647;
			files = (
				23074DBE28E05F8E00972810 /* Localizable.strings in Resources */,
				23074DCD28E08B4800972810 /* InfoPlist.strings in Resources */,
				23074DDB28E08DF400972810 /* Media.xcassets in Resources */,
				23B5BE6F28DFC19E00E9C68A /* users.json in Resources */,
				23B5BE7128DFC9E600E9C68A /* Colors.xcassets in Resources */,
				23B5BE5828DFB2D800E9C68A /* Preview Assets.xcassets in Resources */,
				23B5BE5528DFB2D800E9C68A /* Assets.xcassets in Resources */,
			);
			runOnlyForDeploymentPostprocessing = 0;
		};
/* End PBXResourcesBuildPhase section */

/* Begin PBXSourcesBuildPhase section */
		23B5BE4928DFB2D700E9C68A /* Sources */ = {
			isa = PBXSourcesBuildPhase;
			buildActionMask = 2147483647;
			files = (
				23B5BE6D28DFC0CD00E9C68A /* UserModel.swift in Sources */,
				23B5BE6128DFB3C600E9C68A /* Checkbox.swift in Sources */,
				23074DB928E05A1500972810 /* Title.swift in Sources */,
				23074DB328E0592200972810 /* Headshot.swift in Sources */,
				23B5BE5F28DFB39B00E9C68A /* OverlayModal.swift in Sources */,
				2359457228E0B94D00D31FF4 /* SubTitle.swift in Sources */,
				2359457028E0B77900D31FF4 /* NavigationHeader.swift in Sources */,
				23074DB728E059D200972810 /* Logo.swift in Sources */,
				23B5BE6528DFB3F200E9C68A /* ButtonSecondary.swift in Sources */,
				23B5BE6328DFB3DC00E9C68A /* Card.swift in Sources */,
				23B5BE5328DFB2D700E9C68A /* ContentView.swift in Sources */,
				23B5BE5128DFB2D700E9C68A /* ModalApp.swift in Sources */,
				2359456E28E0ACCB00D31FF4 /* ScrollList.swift in Sources */,
				23074DB528E0598900972810 /* UserInfo.swift in Sources */,
				23074DBB28E05AB500972810 /* Background.swift in Sources */,
				23B5BE6A28DFB86500E9C68A /* ButtonPrimary.swift in Sources */,
			);
			runOnlyForDeploymentPostprocessing = 0;
		};
/* End PBXSourcesBuildPhase section */

/* Begin PBXVariantGroup section */
		23074DC028E05F8E00972810 /* Localizable.strings */ = {
			isa = PBXVariantGroup;
			children = (
				23074DBF28E05F8E00972810 /* en */,
				23074DC228E07E1500972810 /* pt */,
				23074DC328E07F6B00972810 /* es */,
				23074DC428E0810F00972810 /* fr */,
				23074DC528E0826F00972810 /* pl */,
				23074DC728E084E000972810 /* sr */,
				23074DC828E0868300972810 /* tr */,
				23074DC928E087CB00972810 /* ru */,
				23074DCA28E087CC00972810 /* ro */,
			);
			name = Localizable.strings;
			sourceTree = "<group>";
		};
		23074DCF28E08B4800972810 /* InfoPlist.strings */ = {
			isa = PBXVariantGroup;
			children = (
				23074DCE28E08B4800972810 /* en */,
				23074DD028E08B5700972810 /* fr */,
				23074DD128E08B5700972810 /* pl */,
				23074DD228E08B5800972810 /* pt */,
				23074DD328E08B5900972810 /* ro */,
				23074DD428E08B5A00972810 /* ru */,
				23074DD528E08B5B00972810 /* sr */,
				23074DD628E08B5B00972810 /* es */,
				23074DD728E08B5C00972810 /* tr */,
			);
			name = InfoPlist.strings;
			sourceTree = "<group>";
		};
/* End PBXVariantGroup section */

/* Begin XCBuildConfiguration section */
		23B5BE5928DFB2D800E9C68A /* Debug */ = {
			isa = XCBuildConfiguration;
			buildSettings = {
				ALWAYS_SEARCH_USER_PATHS = NO;
				CLANG_ANALYZER_NONNULL = YES;
				CLANG_ANALYZER_NUMBER_OBJECT_CONVERSION = YES_AGGRESSIVE;
				CLANG_CXX_LANGUAGE_STANDARD = "gnu++20";
				CLANG_ENABLE_MODULES = YES;
				CLANG_ENABLE_OBJC_ARC = YES;
				CLANG_ENABLE_OBJC_WEAK = YES;
				CLANG_WARN_BLOCK_CAPTURE_AUTORELEASING = YES;
				CLANG_WARN_BOOL_CONVERSION = YES;
				CLANG_WARN_COMMA = YES;
				CLANG_WARN_CONSTANT_CONVERSION = YES;
				CLANG_WARN_DEPRECATED_OBJC_IMPLEMENTATIONS = YES;
				CLANG_WARN_DIRECT_OBJC_ISA_USAGE = YES_ERROR;
				CLANG_WARN_DOCUMENTATION_COMMENTS = YES;
				CLANG_WARN_EMPTY_BODY = YES;
				CLANG_WARN_ENUM_CONVERSION = YES;
				CLANG_WARN_INFINITE_RECURSION = YES;
				CLANG_WARN_INT_CONVERSION = YES;
				CLANG_WARN_NON_LITERAL_NULL_CONVERSION = YES;
				CLANG_WARN_OBJC_IMPLICIT_RETAIN_SELF = YES;
				CLANG_WARN_OBJC_LITERAL_CONVERSION = YES;
				CLANG_WARN_OBJC_ROOT_CLASS = YES_ERROR;
				CLANG_WARN_QUOTED_INCLUDE_IN_FRAMEWORK_HEADER = YES;
				CLANG_WARN_RANGE_LOOP_ANALYSIS = YES;
				CLANG_WARN_STRICT_PROTOTYPES = YES;
				CLANG_WARN_SUSPICIOUS_MOVE = YES;
				CLANG_WARN_UNGUARDED_AVAILABILITY = YES_AGGRESSIVE;
				CLANG_WARN_UNREACHABLE_CODE = YES;
				CLANG_WARN__DUPLICATE_METHOD_MATCH = YES;
				COPY_PHASE_STRIP = NO;
				DEBUG_INFORMATION_FORMAT = dwarf;
				ENABLE_STRICT_OBJC_MSGSEND = YES;
				ENABLE_TESTABILITY = YES;
				GCC_C_LANGUAGE_STANDARD = gnu11;
				GCC_DYNAMIC_NO_PIC = NO;
				GCC_NO_COMMON_BLOCKS = YES;
				GCC_OPTIMIZATION_LEVEL = 0;
				GCC_PREPROCESSOR_DEFINITIONS = (
					"DEBUG=1",
					"$(inherited)",
				);
				GCC_WARN_64_TO_32_BIT_CONVERSION = YES;
				GCC_WARN_ABOUT_RETURN_TYPE = YES_ERROR;
				GCC_WARN_UNDECLARED_SELECTOR = YES;
				GCC_WARN_UNINITIALIZED_AUTOS = YES_AGGRESSIVE;
				GCC_WARN_UNUSED_FUNCTION = YES;
				GCC_WARN_UNUSED_VARIABLE = YES;
				IPHONEOS_DEPLOYMENT_TARGET = 16.0;
				MTL_ENABLE_DEBUG_INFO = INCLUDE_SOURCE;
				MTL_FAST_MATH = YES;
				ONLY_ACTIVE_ARCH = YES;
				SDKROOT = iphoneos;
				SWIFT_ACTIVE_COMPILATION_CONDITIONS = DEBUG;
				SWIFT_OPTIMIZATION_LEVEL = "-Onone";
			};
			name = Debug;
		};
		23B5BE5A28DFB2D800E9C68A /* Release */ = {
			isa = XCBuildConfiguration;
			buildSettings = {
				ALWAYS_SEARCH_USER_PATHS = NO;
				CLANG_ANALYZER_NONNULL = YES;
				CLANG_ANALYZER_NUMBER_OBJECT_CONVERSION = YES_AGGRESSIVE;
				CLANG_CXX_LANGUAGE_STANDARD = "gnu++20";
				CLANG_ENABLE_MODULES = YES;
				CLANG_ENABLE_OBJC_ARC = YES;
				CLANG_ENABLE_OBJC_WEAK = YES;
				CLANG_WARN_BLOCK_CAPTURE_AUTORELEASING = YES;
				CLANG_WARN_BOOL_CONVERSION = YES;
				CLANG_WARN_COMMA = YES;
				CLANG_WARN_CONSTANT_CONVERSION = YES;
				CLANG_WARN_DEPRECATED_OBJC_IMPLEMENTATIONS = YES;
				CLANG_WARN_DIRECT_OBJC_ISA_USAGE = YES_ERROR;
				CLANG_WARN_DOCUMENTATION_COMMENTS = YES;
				CLANG_WARN_EMPTY_BODY = YES;
				CLANG_WARN_ENUM_CONVERSION = YES;
				CLANG_WARN_INFINITE_RECURSION = YES;
				CLANG_WARN_INT_CONVERSION = YES;
				CLANG_WARN_NON_LITERAL_NULL_CONVERSION = YES;
				CLANG_WARN_OBJC_IMPLICIT_RETAIN_SELF = YES;
				CLANG_WARN_OBJC_LITERAL_CONVERSION = YES;
				CLANG_WARN_OBJC_ROOT_CLASS = YES_ERROR;
				CLANG_WARN_QUOTED_INCLUDE_IN_FRAMEWORK_HEADER = YES;
				CLANG_WARN_RANGE_LOOP_ANALYSIS = YES;
				CLANG_WARN_STRICT_PROTOTYPES = YES;
				CLANG_WARN_SUSPICIOUS_MOVE = YES;
				CLANG_WARN_UNGUARDED_AVAILABILITY = YES_AGGRESSIVE;
				CLANG_WARN_UNREACHABLE_CODE = YES;
				CLANG_WARN__DUPLICATE_METHOD_MATCH = YES;
				COPY_PHASE_STRIP = NO;
				DEBUG_INFORMATION_FORMAT = "dwarf-with-dsym";
				ENABLE_NS_ASSERTIONS = NO;
				ENABLE_STRICT_OBJC_MSGSEND = YES;
				GCC_C_LANGUAGE_STANDARD = gnu11;
				GCC_NO_COMMON_BLOCKS = YES;
				GCC_WARN_64_TO_32_BIT_CONVERSION = YES;
				GCC_WARN_ABOUT_RETURN_TYPE = YES_ERROR;
				GCC_WARN_UNDECLARED_SELECTOR = YES;
				GCC_WARN_UNINITIALIZED_AUTOS = YES_AGGRESSIVE;
				GCC_WARN_UNUSED_FUNCTION = YES;
				GCC_WARN_UNUSED_VARIABLE = YES;
				IPHONEOS_DEPLOYMENT_TARGET = 16.0;
				MTL_ENABLE_DEBUG_INFO = NO;
				MTL_FAST_MATH = YES;
				SDKROOT = iphoneos;
				SWIFT_COMPILATION_MODE = wholemodule;
				SWIFT_OPTIMIZATION_LEVEL = "-O";
				VALIDATE_PRODUCT = YES;
			};
			name = Release;
		};
		23B5BE5C28DFB2D800E9C68A /* Debug */ = {
			isa = XCBuildConfiguration;
			buildSettings = {
				ASSETCATALOG_COMPILER_APPICON_NAME = AppIcon;
				ASSETCATALOG_COMPILER_GLOBAL_ACCENT_COLOR_NAME = AccentColor;
				ASSETCATALOG_COMPILER_INCLUDE_ALL_APPICON_ASSETS = YES;
				CODE_SIGN_STYLE = Automatic;
				CURRENT_PROJECT_VERSION = 1;
				DEVELOPMENT_ASSET_PATHS = "\"Modal/Preview Content\"";
				DEVELOPMENT_TEAM = 76ZTXP7WC3;
				ENABLE_PREVIEWS = YES;
				GENERATE_INFOPLIST_FILE = YES;
				INFOPLIST_KEY_CFBundleDisplayName = Modal;
				INFOPLIST_KEY_LSApplicationCategoryType = "public.app-category.social-networking";
				INFOPLIST_KEY_UIApplicationSceneManifest_Generation = YES;
				INFOPLIST_KEY_UIApplicationSupportsIndirectInputEvents = YES;
				INFOPLIST_KEY_UILaunchScreen_Generation = YES;
				INFOPLIST_KEY_UIRequiresFullScreen = YES;
				INFOPLIST_KEY_UIStatusBarStyle = UIStatusBarStyleDarkContent;
				INFOPLIST_KEY_UISupportedInterfaceOrientations = UIInterfaceOrientationPortrait;
				LD_RUNPATH_SEARCH_PATHS = (
					"$(inherited)",
					"@executable_path/Frameworks",
				);
				MARKETING_VERSION = 1.0;
				PRODUCT_BUNDLE_IDENTIFIER = me.alexndreazevedo.modal.Modal;
				PRODUCT_NAME = "$(TARGET_NAME)";
				SWIFT_EMIT_LOC_STRINGS = YES;
				SWIFT_VERSION = 5.0;
				TARGETED_DEVICE_FAMILY = "1,2";
			};
			name = Debug;
		};
		23B5BE5D28DFB2D800E9C68A /* Release */ = {
			isa = XCBuildConfiguration;
			buildSettings = {
				ASSETCATALOG_COMPILER_APPICON_NAME = AppIcon;
				ASSETCATALOG_COMPILER_GLOBAL_ACCENT_COLOR_NAME = AccentColor;
				ASSETCATALOG_COMPILER_INCLUDE_ALL_APPICON_ASSETS = YES;
				CODE_SIGN_STYLE = Automatic;
				CURRENT_PROJECT_VERSION = 1;
				DEVELOPMENT_ASSET_PATHS = "\"Modal/Preview Content\"";
				DEVELOPMENT_TEAM = 76ZTXP7WC3;
				ENABLE_PREVIEWS = YES;
				GENERATE_INFOPLIST_FILE = YES;
				INFOPLIST_KEY_CFBundleDisplayName = Modal;
				INFOPLIST_KEY_LSApplicationCategoryType = "public.app-category.social-networking";
				INFOPLIST_KEY_UIApplicationSceneManifest_Generation = YES;
				INFOPLIST_KEY_UIApplicationSupportsIndirectInputEvents = YES;
				INFOPLIST_KEY_UILaunchScreen_Generation = YES;
				INFOPLIST_KEY_UIRequiresFullScreen = YES;
				INFOPLIST_KEY_UIStatusBarStyle = UIStatusBarStyleDarkContent;
				INFOPLIST_KEY_UISupportedInterfaceOrientations = UIInterfaceOrientationPortrait;
				LD_RUNPATH_SEARCH_PATHS = (
					"$(inherited)",
					"@executable_path/Frameworks",
				);
				MARKETING_VERSION = 1.0;
				PRODUCT_BUNDLE_IDENTIFIER = me.alexndreazevedo.modal.Modal;
				PRODUCT_NAME = "$(TARGET_NAME)";
				SWIFT_EMIT_LOC_STRINGS = YES;
				SWIFT_VERSION = 5.0;
				TARGETED_DEVICE_FAMILY = "1,2";
			};
			name = Release;
		};
/* End XCBuildConfiguration section */

/* Begin XCConfigurationList section */
		23B5BE4828DFB2D700E9C68A /* Build configuration list for PBXProject "Modal" */ = {
			isa = XCConfigurationList;
			buildConfigurations = (
				23B5BE5928DFB2D800E9C68A /* Debug */,
				23B5BE5A28DFB2D800E9C68A /* Release */,
			);
			defaultConfigurationIsVisible = 0;
			defaultConfigurationName = Release;
		};
		23B5BE5B28DFB2D800E9C68A /* Build configuration list for PBXNativeTarget "Modal" */ = {
			isa = XCConfigurationList;
			buildConfigurations = (
				23B5BE5C28DFB2D800E9C68A /* Debug */,
				23B5BE5D28DFB2D800E9C68A /* Release */,
			);
			defaultConfigurationIsVisible = 0;
			defaultConfigurationName = Release;
		};
/* End XCConfigurationList section */
	};
	rootObject = 23B5BE4528DFB2D700E9C68A /* Project object */;
}
